
Microsoft Visual Studio Solution File, Format Version 12.00
# Visual Studio Version 16
VisualStudioVersion = 16.0.29613.14
MinimumVisualStudioVersion = 10.0.40219.1
Project("{9A19103F-16F7-4668-BE54-9A1E7A4F7556}") = "DefendingCode", "DefendingCode\DefendingCode.csproj", "{B9388C10-A589-475A-B2A7-3DDFBC09C875}"
EndProject
Project("{9A19103F-16F7-4668-BE54-9A1E7A4F7556}") = "DefendingCode.Core", "DefendingCode.Core\DefendingCode.Core.csproj", "{4F873E7E-00B4-437D-A9DD-EBFD06351A53}"
EndProject
Project("{9A19103F-16F7-4668-BE54-9A1E7A4F7556}") = "DefendingCode.Test", "DefendingCode.Test\DefendingCode.Test.csproj", "{472EB4D2-32AC-47FA-A43D-F71BAE943E62}"
EndProject
Project("{FAE04EC0-301F-11D3-BF4B-00C04F79EFBC}") = "DefendingCode.Utilities", "DefendingCode.Utilities\DefendingCode.Utilities.csproj", "{CDD44727-1C3D-4642-B9D2-17A492008A15}"
EndProject
Global
	GlobalSection(SolutionConfigurationPlatforms) = preSolution
		Debug|Any CPU = Debug|Any CPU
		Release|Any CPU = Release|Any CPU
	EndGlobalSection
	GlobalSection(ProjectConfigurationPlatforms) = postSolution
		{B9388C10-A589-475A-B2A7-3DDFBC09C875}.Debug|Any CPU.ActiveCfg = Debug|Any CPU
		{B9388C10-A589-475A-B2A7-3DDFBC09C875}.Debug|Any CPU.Build.0 = Debug|Any CPU
		{B9388C10-A589-475A-B2A7-3DDFBC09C875}.Release|Any CPU.ActiveCfg = Release|Any CPU
		{B9388C10-A589-475A-B2A7-3DDFBC09C875}.Release|Any CPU.Build.0 = Release|Any CPU
		{4F873E7E-00B4-437D-A9DD-EBFD06351A53}.Debug|Any CPU.ActiveCfg = Debug|Any CPU
		{4F873E7E-00B4-437D-A9DD-EBFD06351A53}.Debug|Any CPU.Build.0 = Debug|Any CPU
		{4F873E7E-00B4-437D-A9DD-EBFD06351A53}.Release|Any CPU.ActiveCfg = Release|Any CPU
		{4F873E7E-00B4-437D-A9DD-EBFD06351A53}.Release|Any CPU.Build.0 = Release|Any CPU
		{472EB4D2-32AC-47FA-A43D-F71BAE943E62}.Debug|Any CPU.ActiveCfg = Debug|Any CPU
		{472EB4D2-32AC-47FA-A43D-F71BAE943E62}.Debug|Any CPU.Build.0 = Debug|Any CPU
		{472EB4D2-32AC-47FA-A43D-F71BAE943E62}.Release|Any CPU.ActiveCfg = Release|Any CPU
		{472EB4D2-32AC-47FA-A43D-F71BAE943E62}.Release|Any CPU.Build.0 = Release|Any CPU
		{CDD44727-1C3D-4642-B9D2-17A492008A15}.Debug|Any CPU.ActiveCfg = Debug|Any CPU
		{CDD44727-1C3D-4642-B9D2-17A492008A15}.Debug|Any CPU.Build.0 = Debug|Any CPU
		{CDD44727-1C3D-4642-B9D2-17A492008A15}.Release|Any CPU.ActiveCfg = Release|Any CPU
		{CDD44727-1C3D-4642-B9D2-17A492008A15}.Release|Any CPU.Build.0 = Release|Any CPU
	EndGlobalSection
	GlobalSection(SolutionProperties) = preSolution
		HideSolutionNode = FALSE
	EndGlobalSection
	GlobalSection(ExtensibilityGlobals) = postSolution
		SolutionGuid = {48005935-9CB0-4609-A71D-CCFEEFEA73BE}
	EndGlobalSection
EndGlobal
